
Microsoft Visual Studio Solution File, Format Version 12.00
# Visual Studio 15
VisualStudioVersion = 15.0.28010.2050
MinimumVisualStudioVersion = 10.0.40219.1
Project("{8BC9CEB8-8B4A-11D0-8D11-00A0C91BC942}") = "Project4", "Project4\Project4.vcxproj", "{29184971-9C63-41FA-8CC3-EB78C1A3712A}"
EndProject
Global
	GlobalSection(SolutionConfigurationPlatforms) = preSolution
		Debug|x64 = Debug|x64
		Debug|x86 = Debug|x86
		Release|x64 = Release|x64
		Release|x86 = Release|x86
	EndGlobalSection
	GlobalSection(ProjectConfigurationPlatforms) = postSolution
		{29184971-9C63-41FA-8CC3-EB78C1A3712A}.Debug|x64.ActiveCfg = Debug|x64
		{29184971-9C63-41FA-8CC3-EB78C1A3712A}.Debug|x64.Build.0 = Debug|x64
		{29184971-9C63-41FA-8CC3-EB78C1A3712A}.Debug|x86.ActiveCfg = Debug|Win32
		{29184971-9C63-41FA-8CC3-EB78C1A3712A}.Debug|x86.Build.0 = Debug|Win32
		{29184971-9C63-41FA-8CC3-EB78C1A3712A}.Release|x64.ActiveCfg = Release|x64
		{29184971-9C63-41FA-8CC3-EB78C1A3712A}.Release|x64.Build.0 = Release|x64
		{29184971-9C63-41FA-8CC3-EB78C1A3712A}.Release|x86.ActiveCfg = Release|Win32
		{29184971-9C63-41FA-8CC3-EB78C1A3712A}.Release|x86.Build.0 = Release|Win32
	EndGlobalSection
	GlobalSection(SolutionProperties) = preSolution
		HideSolutionNode = FALSE
	EndGlobalSection
	GlobalSection(ExtensibilityGlobals) = postSolution
		SolutionGuid = {36DB339D-CDF3-4C82-ADA5-68ABC0D4ABBF}
	EndGlobalSection
EndGlobal
